// !$*UTF8*$!
{
	archiveVersion = 1;
	classes = {
	};
	objectVersion = 55;
	objects = {

/* Begin PBXBuildFile section */
		246FD5AA87D11BAF881832ED /* Pods_BreadAndBacon_CoAccounting.framework in Frameworks */ = {isa = PBXBuildFile; fileRef = 4517FCF9CAB217A234E3A7B3 /* Pods_BreadAndBacon_CoAccounting.framework */; };
		76265F252910051F00F5E341 /* QRCodeViewController.swift in Sources */ = {isa = PBXBuildFile; fileRef = 76265F242910051F00F5E341 /* QRCodeViewController.swift */; };
		76265F272911855600F5E341 /* User.swift in Sources */ = {isa = PBXBuildFile; fileRef = 76265F262911855600F5E341 /* User.swift */; };
		76608659290BDA29008EF772 /* AppDelegate.swift in Sources */ = {isa = PBXBuildFile; fileRef = 76608658290BDA29008EF772 /* AppDelegate.swift */; };
		7660865B290BDA29008EF772 /* SceneDelegate.swift in Sources */ = {isa = PBXBuildFile; fileRef = 7660865A290BDA29008EF772 /* SceneDelegate.swift */; };
		7660865D290BDA29008EF772 /* ViewController.swift in Sources */ = {isa = PBXBuildFile; fileRef = 7660865C290BDA29008EF772 /* ViewController.swift */; };
		76608660290BDA29008EF772 /* Main.storyboard in Resources */ = {isa = PBXBuildFile; fileRef = 7660865E290BDA29008EF772 /* Main.storyboard */; };
		76608662290BDA2A008EF772 /* Assets.xcassets in Resources */ = {isa = PBXBuildFile; fileRef = 76608661290BDA2A008EF772 /* Assets.xcassets */; };
		76608665290BDA2A008EF772 /* LaunchScreen.storyboard in Resources */ = {isa = PBXBuildFile; fileRef = 76608663290BDA2A008EF772 /* LaunchScreen.storyboard */; };
		7660866D290C17C4008EF772 /* GoogleService-Info.plist in Resources */ = {isa = PBXBuildFile; fileRef = 7660866C290C17C4008EF772 /* GoogleService-Info.plist */; };
		76608672290E2A4F008EF772 /* AddNewDataViewController.swift in Sources */ = {isa = PBXBuildFile; fileRef = 76608671290E2A4F008EF772 /* AddNewDataViewController.swift */; };
		76608674290E2A80008EF772 /* AddNewDataTableViewCell.swift in Sources */ = {isa = PBXBuildFile; fileRef = 76608673290E2A80008EF772 /* AddNewDataTableViewCell.swift */; };
		76608696290F7129008EF772 /* UIStoryboard+Extension.swift in Sources */ = {isa = PBXBuildFile; fileRef = 76608695290F7129008EF772 /* UIStoryboard+Extension.swift */; };
		76608698290F74E1008EF772 /* AddNewData.storyboard in Resources */ = {isa = PBXBuildFile; fileRef = 76608697290F74E1008EF772 /* AddNewData.storyboard */; };
		766086A0290F7B0B008EF772 /* Home.storyboard in Resources */ = {isa = PBXBuildFile; fileRef = 7660869F290F7B0B008EF772 /* Home.storyboard */; };
		766086A2290F8168008EF772 /* TabViewController.swift in Sources */ = {isa = PBXBuildFile; fileRef = 766086A1290F8168008EF772 /* TabViewController.swift */; };
/* End PBXBuildFile section */

/* Begin PBXFileReference section */
		4517FCF9CAB217A234E3A7B3 /* Pods_BreadAndBacon_CoAccounting.framework */ = {isa = PBXFileReference; explicitFileType = wrapper.framework; includeInIndex = 0; path = Pods_BreadAndBacon_CoAccounting.framework; sourceTree = BUILT_PRODUCTS_DIR; };
		76265F242910051F00F5E341 /* QRCodeViewController.swift */ = {isa = PBXFileReference; lastKnownFileType = sourcecode.swift; path = QRCodeViewController.swift; sourceTree = "<group>"; };
		76265F262911855600F5E341 /* User.swift */ = {isa = PBXFileReference; lastKnownFileType = sourcecode.swift; path = User.swift; sourceTree = "<group>"; };
		76608655290BDA29008EF772 /* BreadAndBacon_CoAccounting.app */ = {isa = PBXFileReference; explicitFileType = wrapper.application; includeInIndex = 0; path = BreadAndBacon_CoAccounting.app; sourceTree = BUILT_PRODUCTS_DIR; };
		76608658290BDA29008EF772 /* AppDelegate.swift */ = {isa = PBXFileReference; lastKnownFileType = sourcecode.swift; path = AppDelegate.swift; sourceTree = "<group>"; };
		7660865A290BDA29008EF772 /* SceneDelegate.swift */ = {isa = PBXFileReference; lastKnownFileType = sourcecode.swift; path = SceneDelegate.swift; sourceTree = "<group>"; };
		7660865C290BDA29008EF772 /* ViewController.swift */ = {isa = PBXFileReference; lastKnownFileType = sourcecode.swift; path = ViewController.swift; sourceTree = "<group>"; };
		7660865F290BDA29008EF772 /* Base */ = {isa = PBXFileReference; lastKnownFileType = file.storyboard; name = Base; path = Base.lproj/Main.storyboard; sourceTree = "<group>"; };
		76608661290BDA2A008EF772 /* Assets.xcassets */ = {isa = PBXFileReference; lastKnownFileType = folder.assetcatalog; path = Assets.xcassets; sourceTree = "<group>"; };
		76608664290BDA2A008EF772 /* Base */ = {isa = PBXFileReference; lastKnownFileType = file.storyboard; name = Base; path = Base.lproj/LaunchScreen.storyboard; sourceTree = "<group>"; };
		76608666290BDA2A008EF772 /* Info.plist */ = {isa = PBXFileReference; lastKnownFileType = text.plist.xml; path = Info.plist; sourceTree = "<group>"; };
		7660866C290C17C4008EF772 /* GoogleService-Info.plist */ = {isa = PBXFileReference; lastKnownFileType = text.plist; path = "GoogleService-Info.plist"; sourceTree = SOURCE_ROOT; };
		76608671290E2A4F008EF772 /* AddNewDataViewController.swift */ = {isa = PBXFileReference; lastKnownFileType = sourcecode.swift; path = AddNewDataViewController.swift; sourceTree = "<group>"; };
		76608673290E2A80008EF772 /* AddNewDataTableViewCell.swift */ = {isa = PBXFileReference; lastKnownFileType = sourcecode.swift; path = AddNewDataTableViewCell.swift; sourceTree = "<group>"; };
		76608695290F7129008EF772 /* UIStoryboard+Extension.swift */ = {isa = PBXFileReference; lastKnownFileType = sourcecode.swift; path = "UIStoryboard+Extension.swift"; sourceTree = "<group>"; };
		76608697290F74E1008EF772 /* AddNewData.storyboard */ = {isa = PBXFileReference; fileEncoding = 4; lastKnownFileType = file.storyboard; path = AddNewData.storyboard; sourceTree = "<group>"; };
		7660869F290F7B0B008EF772 /* Home.storyboard */ = {isa = PBXFileReference; fileEncoding = 4; lastKnownFileType = file.storyboard; path = Home.storyboard; sourceTree = "<group>"; };
		766086A1290F8168008EF772 /* TabViewController.swift */ = {isa = PBXFileReference; lastKnownFileType = sourcecode.swift; name = TabViewController.swift; path = BreadAndBacon_CoAccounting/TabViewController.swift; sourceTree = SOURCE_ROOT; };
		C2CC4B20AEF6D8FF8F12E060 /* Pods-BreadAndBacon_CoAccounting.debug.xcconfig */ = {isa = PBXFileReference; includeInIndex = 1; lastKnownFileType = text.xcconfig; name = "Pods-BreadAndBacon_CoAccounting.debug.xcconfig"; path = "Target Support Files/Pods-BreadAndBacon_CoAccounting/Pods-BreadAndBacon_CoAccounting.debug.xcconfig"; sourceTree = "<group>"; };
		CCEAB5950EE70591CF59355B /* Pods-BreadAndBacon_CoAccounting.release.xcconfig */ = {isa = PBXFileReference; includeInIndex = 1; lastKnownFileType = text.xcconfig; name = "Pods-BreadAndBacon_CoAccounting.release.xcconfig"; path = "Target Support Files/Pods-BreadAndBacon_CoAccounting/Pods-BreadAndBacon_CoAccounting.release.xcconfig"; sourceTree = "<group>"; };
/* End PBXFileReference section */

/* Begin PBXFrameworksBuildPhase section */
		76608652290BDA29008EF772 /* Frameworks */ = {
			isa = PBXFrameworksBuildPhase;
			buildActionMask = 2147483647;
			files = (
				246FD5AA87D11BAF881832ED /* Pods_BreadAndBacon_CoAccounting.framework in Frameworks */,
			);
			runOnlyForDeploymentPostprocessing = 0;
		};
/* End PBXFrameworksBuildPhase section */

/* Begin PBXGroup section */
		1BA9FACACF44F8EEEF1D1949 /* Frameworks */ = {
			isa = PBXGroup;
			children = (
				4517FCF9CAB217A234E3A7B3 /* Pods_BreadAndBacon_CoAccounting.framework */,
			);
			name = Frameworks;
			sourceTree = "<group>";
		};
		3F91477775AA235BF7E9D33E /* Pods */ = {
			isa = PBXGroup;
			children = (
				C2CC4B20AEF6D8FF8F12E060 /* Pods-BreadAndBacon_CoAccounting.debug.xcconfig */,
				CCEAB5950EE70591CF59355B /* Pods-BreadAndBacon_CoAccounting.release.xcconfig */,
			);
			path = Pods;
			sourceTree = "<group>";
		};
		7660864C290BDA29008EF772 = {
			isa = PBXGroup;
			children = (
				76608657290BDA29008EF772 /* BreadAndBacon_CoAccounting */,
				76608656290BDA29008EF772 /* Products */,
				3F91477775AA235BF7E9D33E /* Pods */,
				1BA9FACACF44F8EEEF1D1949 /* Frameworks */,
			);
			sourceTree = "<group>";
		};
		76608656290BDA29008EF772 /* Products */ = {
			isa = PBXGroup;
			children = (
				76608655290BDA29008EF772 /* BreadAndBacon_CoAccounting.app */,
			);
			name = Products;
			sourceTree = "<group>";
		};
		76608657290BDA29008EF772 /* BreadAndBacon_CoAccounting */ = {
			isa = PBXGroup;
			children = (
				7660869A290F79CC008EF772 /* Extension */,
				76608699290F79B3008EF772 /* HomePage */,
				7660866E290E2571008EF772 /* AddNewDataPage */,
				7660865E290BDA29008EF772 /* Main.storyboard */,
				766086A1290F8168008EF772 /* TabViewController.swift */,
				76608658290BDA29008EF772 /* AppDelegate.swift */,
				7660865A290BDA29008EF772 /* SceneDelegate.swift */,
				76608661290BDA2A008EF772 /* Assets.xcassets */,
				76608663290BDA2A008EF772 /* LaunchScreen.storyboard */,
				76608666290BDA2A008EF772 /* Info.plist */,
				7660866C290C17C4008EF772 /* GoogleService-Info.plist */,
			);
			path = BreadAndBacon_CoAccounting;
			sourceTree = "<group>";
		};
		7660866E290E2571008EF772 /* AddNewDataPage */ = {
			isa = PBXGroup;
			children = (
				76608697290F74E1008EF772 /* AddNewData.storyboard */,
				76265F242910051F00F5E341 /* QRCodeViewController.swift */,
				76608673290E2A80008EF772 /* AddNewDataTableViewCell.swift */,
				76608671290E2A4F008EF772 /* AddNewDataViewController.swift */,
				76265F262911855600F5E341 /* User.swift */,
			);
			path = AddNewDataPage;
			sourceTree = "<group>";
		};
		76608699290F79B3008EF772 /* HomePage */ = {
			isa = PBXGroup;
			children = (
				7660869F290F7B0B008EF772 /* Home.storyboard */,
				7660865C290BDA29008EF772 /* ViewController.swift */,
			);
			path = HomePage;
			sourceTree = "<group>";
		};
		7660869A290F79CC008EF772 /* Extension */ = {
			isa = PBXGroup;
			children = (
				76608695290F7129008EF772 /* UIStoryboard+Extension.swift */,
			);
			path = Extension;
			sourceTree = "<group>";
		};
/* End PBXGroup section */

/* Begin PBXNativeTarget section */
		76608654290BDA29008EF772 /* BreadAndBacon_CoAccounting */ = {
			isa = PBXNativeTarget;
			buildConfigurationList = 76608669290BDA2A008EF772 /* Build configuration list for PBXNativeTarget "BreadAndBacon_CoAccounting" */;
			buildPhases = (
				B982F4596B5071DF7A721126 /* [CP] Check Pods Manifest.lock */,
				76608651290BDA29008EF772 /* Sources */,
				76608652290BDA29008EF772 /* Frameworks */,
				76608653290BDA29008EF772 /* Resources */,
				0D62039CA7A3AF43DD9A0F14 /* [CP] Embed Pods Frameworks */,
				76265F23290FB48400F5E341 /* ShellScript */,
			);
			buildRules = (
			);
			dependencies = (
			);
			name = BreadAndBacon_CoAccounting;
			productName = BreadAndBacon_CoAccounting;
			productReference = 76608655290BDA29008EF772 /* BreadAndBacon_CoAccounting.app */;
			productType = "com.apple.product-type.application";
		};
/* End PBXNativeTarget section */

/* Begin PBXProject section */
		7660864D290BDA29008EF772 /* Project object */ = {
			isa = PBXProject;
			attributes = {
				BuildIndependentTargetsInParallel = 1;
				LastSwiftUpdateCheck = 1340;
				LastUpgradeCheck = 1340;
				TargetAttributes = {
					76608654290BDA29008EF772 = {
						CreatedOnToolsVersion = 13.4.1;
					};
				};
			};
			buildConfigurationList = 76608650290BDA29008EF772 /* Build configuration list for PBXProject "BreadAndBacon_CoAccounting" */;
			compatibilityVersion = "Xcode 13.0";
			developmentRegion = en;
			hasScannedForEncodings = 0;
			knownRegions = (
				en,
				Base,
			);
			mainGroup = 7660864C290BDA29008EF772;
			productRefGroup = 76608656290BDA29008EF772 /* Products */;
			projectDirPath = "";
			projectRoot = "";
			targets = (
				76608654290BDA29008EF772 /* BreadAndBacon_CoAccounting */,
			);
		};
/* End PBXProject section */

/* Begin PBXResourcesBuildPhase section */
		76608653290BDA29008EF772 /* Resources */ = {
			isa = PBXResourcesBuildPhase;
			buildActionMask = 2147483647;
			files = (
				76608665290BDA2A008EF772 /* LaunchScreen.storyboard in Resources */,
				7660866D290C17C4008EF772 /* GoogleService-Info.plist in Resources */,
				76608662290BDA2A008EF772 /* Assets.xcassets in Resources */,
				766086A0290F7B0B008EF772 /* Home.storyboard in Resources */,
				76608698290F74E1008EF772 /* AddNewData.storyboard in Resources */,
				76608660290BDA29008EF772 /* Main.storyboard in Resources */,
			);
			runOnlyForDeploymentPostprocessing = 0;
		};
/* End PBXResourcesBuildPhase section */

/* Begin PBXShellScriptBuildPhase section */
		0D62039CA7A3AF43DD9A0F14 /* [CP] Embed Pods Frameworks */ = {
			isa = PBXShellScriptBuildPhase;
			buildActionMask = 2147483647;
			files = (
			);
			inputFileListPaths = (
				"${PODS_ROOT}/Target Support Files/Pods-BreadAndBacon_CoAccounting/Pods-BreadAndBacon_CoAccounting-frameworks-${CONFIGURATION}-input-files.xcfilelist",
			);
			name = "[CP] Embed Pods Frameworks";
			outputFileListPaths = (
				"${PODS_ROOT}/Target Support Files/Pods-BreadAndBacon_CoAccounting/Pods-BreadAndBacon_CoAccounting-frameworks-${CONFIGURATION}-output-files.xcfilelist",
			);
			runOnlyForDeploymentPostprocessing = 0;
			shellPath = /bin/sh;
			shellScript = "\"${PODS_ROOT}/Target Support Files/Pods-BreadAndBacon_CoAccounting/Pods-BreadAndBacon_CoAccounting-frameworks.sh\"\n";
			showEnvVarsInLog = 0;
		};
		76265F23290FB48400F5E341 /* ShellScript */ = {
			isa = PBXShellScriptBuildPhase;
			buildActionMask = 2147483647;
			files = (
			);
			inputFileListPaths = (
			);
			inputPaths = (
			);
			outputFileListPaths = (
			);
			outputPaths = (
			);
			runOnlyForDeploymentPostprocessing = 0;
			shellPath = /bin/sh;
			shellScript = "# Type a script or drag a script file from your workspace to insert its path.\n\nif test -d \"/opt/homebrew/bin/\"; then\n  PATH=\"/opt/homebrew/bin/:${PATH}\"\nfi\n\nexport PATH\n\nif which swiftlint >/dev/null; then\n  swiftlint\nelse\n  echo \"warning: SwiftLint not installed, download from https://github.com/realm/SwiftLint\"\nfi\n";
		};
		B982F4596B5071DF7A721126 /* [CP] Check Pods Manifest.lock */ = {
			isa = PBXShellScriptBuildPhase;
			buildActionMask = 2147483647;
			files = (
			);
			inputFileListPaths = (
			);
			inputPaths = (
				"${PODS_PODFILE_DIR_PATH}/Podfile.lock",
				"${PODS_ROOT}/Manifest.lock",
			);
			name = "[CP] Check Pods Manifest.lock";
			outputFileListPaths = (
			);
			outputPaths = (
				"$(DERIVED_FILE_DIR)/Pods-BreadAndBacon_CoAccounting-checkManifestLockResult.txt",
			);
			runOnlyForDeploymentPostprocessing = 0;
			shellPath = /bin/sh;
			shellScript = "diff \"${PODS_PODFILE_DIR_PATH}/Podfile.lock\" \"${PODS_ROOT}/Manifest.lock\" > /dev/null\nif [ $? != 0 ] ; then\n    # print error to STDERR\n    echo \"error: The sandbox is not in sync with the Podfile.lock. Run 'pod install' or update your CocoaPods installation.\" >&2\n    exit 1\nfi\n# This output is used by Xcode 'outputs' to avoid re-running this script phase.\necho \"SUCCESS\" > \"${SCRIPT_OUTPUT_FILE_0}\"\n";
			showEnvVarsInLog = 0;
		};
/* End PBXShellScriptBuildPhase section */

/* Begin PBXSourcesBuildPhase section */
		76608651290BDA29008EF772 /* Sources */ = {
			isa = PBXSourcesBuildPhase;
			buildActionMask = 2147483647;
			files = (
				7660865D290BDA29008EF772 /* ViewController.swift in Sources */,
				76608674290E2A80008EF772 /* AddNewDataTableViewCell.swift in Sources */,
				76265F252910051F00F5E341 /* QRCodeViewController.swift in Sources */,
				76608696290F7129008EF772 /* UIStoryboard+Extension.swift in Sources */,
				76608672290E2A4F008EF772 /* AddNewDataViewController.swift in Sources */,
				76265F272911855600F5E341 /* User.swift in Sources */,
				76608659290BDA29008EF772 /* AppDelegate.swift in Sources */,
				766086A2290F8168008EF772 /* TabViewController.swift in Sources */,
				7660865B290BDA29008EF772 /* SceneDelegate.swift in Sources */,
			);
			runOnlyForDeploymentPostprocessing = 0;
		};
/* End PBXSourcesBuildPhase section */

/* Begin PBXVariantGroup section */
		7660865E290BDA29008EF772 /* Main.storyboard */ = {
			isa = PBXVariantGroup;
			children = (
				7660865F290BDA29008EF772 /* Base */,
			);
			name = Main.storyboard;
			sourceTree = "<group>";
		};
		76608663290BDA2A008EF772 /* LaunchScreen.storyboard */ = {
			isa = PBXVariantGroup;
			children = (
				76608664290BDA2A008EF772 /* Base */,
			);
			name = LaunchScreen.storyboard;
			sourceTree = "<group>";
		};
/* End PBXVariantGroup section */

/* Begin XCBuildConfiguration section */
		76608667290BDA2A008EF772 /* Debug */ = {
			isa = XCBuildConfiguration;
			buildSettings = {
				ALWAYS_SEARCH_USER_PATHS = NO;
				CLANG_ANALYZER_NONNULL = YES;
				CLANG_ANALYZER_NUMBER_OBJECT_CONVERSION = YES_AGGRESSIVE;
				CLANG_CXX_LANGUAGE_STANDARD = "gnu++17";
				CLANG_ENABLE_MODULES = YES;
				CLANG_ENABLE_OBJC_ARC = YES;
				CLANG_ENABLE_OBJC_WEAK = YES;
				CLANG_WARN_BLOCK_CAPTURE_AUTORELEASING = YES;
				CLANG_WARN_BOOL_CONVERSION = YES;
				CLANG_WARN_COMMA = YES;
				CLANG_WARN_CONSTANT_CONVERSION = YES;
				CLANG_WARN_DEPRECATED_OBJC_IMPLEMENTATIONS = YES;
				CLANG_WARN_DIRECT_OBJC_ISA_USAGE = YES_ERROR;
				CLANG_WARN_DOCUMENTATION_COMMENTS = YES;
				CLANG_WARN_EMPTY_BODY = YES;
				CLANG_WARN_ENUM_CONVERSION = YES;
				CLANG_WARN_INFINITE_RECURSION = YES;
				CLANG_WARN_INT_CONVERSION = YES;
				CLANG_WARN_NON_LITERAL_NULL_CONVERSION = YES;
				CLANG_WARN_OBJC_IMPLICIT_RETAIN_SELF = YES;
				CLANG_WARN_OBJC_LITERAL_CONVERSION = YES;
				CLANG_WARN_OBJC_ROOT_CLASS = YES_ERROR;
				CLANG_WARN_QUOTED_INCLUDE_IN_FRAMEWORK_HEADER = YES;
				CLANG_WARN_RANGE_LOOP_ANALYSIS = YES;
				CLANG_WARN_STRICT_PROTOTYPES = YES;
				CLANG_WARN_SUSPICIOUS_MOVE = YES;
				CLANG_WARN_UNGUARDED_AVAILABILITY = YES_AGGRESSIVE;
				CLANG_WARN_UNREACHABLE_CODE = YES;
				CLANG_WARN__DUPLICATE_METHOD_MATCH = YES;
				COPY_PHASE_STRIP = NO;
				DEBUG_INFORMATION_FORMAT = dwarf;
				ENABLE_STRICT_OBJC_MSGSEND = YES;
				ENABLE_TESTABILITY = YES;
				GCC_C_LANGUAGE_STANDARD = gnu11;
				GCC_DYNAMIC_NO_PIC = NO;
				GCC_NO_COMMON_BLOCKS = YES;
				GCC_OPTIMIZATION_LEVEL = 0;
				GCC_PREPROCESSOR_DEFINITIONS = (
					"DEBUG=1",
					"$(inherited)",
				);
				GCC_WARN_64_TO_32_BIT_CONVERSION = YES;
				GCC_WARN_ABOUT_RETURN_TYPE = YES_ERROR;
				GCC_WARN_UNDECLARED_SELECTOR = YES;
				GCC_WARN_UNINITIALIZED_AUTOS = YES_AGGRESSIVE;
				GCC_WARN_UNUSED_FUNCTION = YES;
				GCC_WARN_UNUSED_VARIABLE = YES;
				IPHONEOS_DEPLOYMENT_TARGET = 15.5;
				MTL_ENABLE_DEBUG_INFO = INCLUDE_SOURCE;
				MTL_FAST_MATH = YES;
				ONLY_ACTIVE_ARCH = YES;
				SDKROOT = iphoneos;
				SWIFT_ACTIVE_COMPILATION_CONDITIONS = DEBUG;
				SWIFT_OPTIMIZATION_LEVEL = "-Onone";
			};
			name = Debug;
		};
		76608668290BDA2A008EF772 /* Release */ = {
			isa = XCBuildConfiguration;
			buildSettings = {
				ALWAYS_SEARCH_USER_PATHS = NO;
				CLANG_ANALYZER_NONNULL = YES;
				CLANG_ANALYZER_NUMBER_OBJECT_CONVERSION = YES_AGGRESSIVE;
				CLANG_CXX_LANGUAGE_STANDARD = "gnu++17";
				CLANG_ENABLE_MODULES = YES;
				CLANG_ENABLE_OBJC_ARC = YES;
				CLANG_ENABLE_OBJC_WEAK = YES;
				CLANG_WARN_BLOCK_CAPTURE_AUTORELEASING = YES;
				CLANG_WARN_BOOL_CONVERSION = YES;
				CLANG_WARN_COMMA = YES;
				CLANG_WARN_CONSTANT_CONVERSION = YES;
				CLANG_WARN_DEPRECATED_OBJC_IMPLEMENTATIONS = YES;
				CLANG_WARN_DIRECT_OBJC_ISA_USAGE = YES_ERROR;
				CLANG_WARN_DOCUMENTATION_COMMENTS = YES;
				CLANG_WARN_EMPTY_BODY = YES;
				CLANG_WARN_ENUM_CONVERSION = YES;
				CLANG_WARN_INFINITE_RECURSION = YES;
				CLANG_WARN_INT_CONVERSION = YES;
				CLANG_WARN_NON_LITERAL_NULL_CONVERSION = YES;
				CLANG_WARN_OBJC_IMPLICIT_RETAIN_SELF = YES;
				CLANG_WARN_OBJC_LITERAL_CONVERSION = YES;
				CLANG_WARN_OBJC_ROOT_CLASS = YES_ERROR;
				CLANG_WARN_QUOTED_INCLUDE_IN_FRAMEWORK_HEADER = YES;
				CLANG_WARN_RANGE_LOOP_ANALYSIS = YES;
				CLANG_WARN_STRICT_PROTOTYPES = YES;
				CLANG_WARN_SUSPICIOUS_MOVE = YES;
				CLANG_WARN_UNGUARDED_AVAILABILITY = YES_AGGRESSIVE;
				CLANG_WARN_UNREACHABLE_CODE = YES;
				CLANG_WARN__DUPLICATE_METHOD_MATCH = YES;
				COPY_PHASE_STRIP = NO;
				DEBUG_INFORMATION_FORMAT = "dwarf-with-dsym";
				ENABLE_NS_ASSERTIONS = NO;
				ENABLE_STRICT_OBJC_MSGSEND = YES;
				GCC_C_LANGUAGE_STANDARD = gnu11;
				GCC_NO_COMMON_BLOCKS = YES;
				GCC_WARN_64_TO_32_BIT_CONVERSION = YES;
				GCC_WARN_ABOUT_RETURN_TYPE = YES_ERROR;
				GCC_WARN_UNDECLARED_SELECTOR = YES;
				GCC_WARN_UNINITIALIZED_AUTOS = YES_AGGRESSIVE;
				GCC_WARN_UNUSED_FUNCTION = YES;
				GCC_WARN_UNUSED_VARIABLE = YES;
				IPHONEOS_DEPLOYMENT_TARGET = 15.5;
				MTL_ENABLE_DEBUG_INFO = NO;
				MTL_FAST_MATH = YES;
				SDKROOT = iphoneos;
				SWIFT_COMPILATION_MODE = wholemodule;
				SWIFT_OPTIMIZATION_LEVEL = "-O";
				VALIDATE_PRODUCT = YES;
			};
			name = Release;
		};
		7660866A290BDA2A008EF772 /* Debug */ = {
			isa = XCBuildConfiguration;
			baseConfigurationReference = C2CC4B20AEF6D8FF8F12E060 /* Pods-BreadAndBacon_CoAccounting.debug.xcconfig */;
			buildSettings = {
				ASSETCATALOG_COMPILER_APPICON_NAME = AppIcon;
				ASSETCATALOG_COMPILER_GLOBAL_ACCENT_COLOR_NAME = AccentColor;
				CODE_SIGN_STYLE = Automatic;
				CURRENT_PROJECT_VERSION = 1;
				DEVELOPMENT_TEAM = LSR93VH6VG;
				GENERATE_INFOPLIST_FILE = YES;
				INFOPLIST_FILE = BreadAndBacon_CoAccounting/Info.plist;
				INFOPLIST_KEY_NSCameraUsageDescription = "需要你的相機權限掃描QRCode";
				INFOPLIST_KEY_UIApplicationSupportsIndirectInputEvents = YES;
				INFOPLIST_KEY_UILaunchStoryboardName = LaunchScreen;
				INFOPLIST_KEY_UIMainStoryboardFile = Main;
				INFOPLIST_KEY_UISupportedInterfaceOrientations_iPad = "UIInterfaceOrientationPortrait UIInterfaceOrientationPortraitUpsideDown UIInterfaceOrientationLandscapeLeft UIInterfaceOrientationLandscapeRight";
				INFOPLIST_KEY_UISupportedInterfaceOrientations_iPhone = "UIInterfaceOrientationPortrait UIInterfaceOrientationLandscapeLeft UIInterfaceOrientationLandscapeRight";
				LD_RUNPATH_SEARCH_PATHS = (
					"$(inherited)",
					"@executable_path/Frameworks",
				);
				MARKETING_VERSION = 1.0;
				PRODUCT_BUNDLE_IDENTIFIER = "ray.BreadAndBacon-CoAccounting";
				PRODUCT_NAME = "$(TARGET_NAME)";
				SWIFT_EMIT_LOC_STRINGS = YES;
				SWIFT_VERSION = 5.0;
				TARGETED_DEVICE_FAMILY = "1,2";
			};
			name = Debug;
		};
		7660866B290BDA2A008EF772 /* Release */ = {
			isa = XCBuildConfiguration;
			baseConfigurationReference = CCEAB5950EE70591CF59355B /* Pods-BreadAndBacon_CoAccounting.release.xcconfig */;
			buildSettings = {
				ASSETCATALOG_COMPILER_APPICON_NAME = AppIcon;
				ASSETCATALOG_COMPILER_GLOBAL_ACCENT_COLOR_NAME = AccentColor;
				CODE_SIGN_STYLE = Automatic;
				CURRENT_PROJECT_VERSION = 1;
				DEVELOPMENT_TEAM = LSR93VH6VG;
				GENERATE_INFOPLIST_FILE = YES;
				INFOPLIST_FILE = BreadAndBacon_CoAccounting/Info.plist;
				INFOPLIST_KEY_NSCameraUsageDescription = "需要你的相機權限掃描QRCode";
				INFOPLIST_KEY_UIApplicationSupportsIndirectInputEvents = YES;
				INFOPLIST_KEY_UILaunchStoryboardName = LaunchScreen;
				INFOPLIST_KEY_UIMainStoryboardFile = Main;
				INFOPLIST_KEY_UISupportedInterfaceOrientations_iPad = "UIInterfaceOrientationPortrait UIInterfaceOrientationPortraitUpsideDown UIInterfaceOrientationLandscapeLeft UIInterfaceOrientationLandscapeRight";
				INFOPLIST_KEY_UISupportedInterfaceOrientations_iPhone = "UIInterfaceOrientationPortrait UIInterfaceOrientationLandscapeLeft UIInterfaceOrientationLandscapeRight";
				LD_RUNPATH_SEARCH_PATHS = (
					"$(inherited)",
					"@executable_path/Frameworks",
				);
				MARKETING_VERSION = 1.0;
				PRODUCT_BUNDLE_IDENTIFIER = "ray.BreadAndBacon-CoAccounting";
				PRODUCT_NAME = "$(TARGET_NAME)";
				SWIFT_EMIT_LOC_STRINGS = YES;
				SWIFT_VERSION = 5.0;
				TARGETED_DEVICE_FAMILY = "1,2";
			};
			name = Release;
		};
/* End XCBuildConfiguration section */

/* Begin XCConfigurationList section */
		76608650290BDA29008EF772 /* Build configuration list for PBXProject "BreadAndBacon_CoAccounting" */ = {
			isa = XCConfigurationList;
			buildConfigurations = (
				76608667290BDA2A008EF772 /* Debug */,
				76608668290BDA2A008EF772 /* Release */,
			);
			defaultConfigurationIsVisible = 0;
			defaultConfigurationName = Release;
		};
		76608669290BDA2A008EF772 /* Build configuration list for PBXNativeTarget "BreadAndBacon_CoAccounting" */ = {
			isa = XCConfigurationList;
			buildConfigurations = (
				7660866A290BDA2A008EF772 /* Debug */,
				7660866B290BDA2A008EF772 /* Release */,
			);
			defaultConfigurationIsVisible = 0;
			defaultConfigurationName = Release;
		};
/* End XCConfigurationList section */
	};
	rootObject = 7660864D290BDA29008EF772 /* Project object */;
}
